// !$*UTF8*$!
{
	archiveVersion = 1;
	classes = {
	};
	objectVersion = 50;
	objects = {

/* Begin PBXBuildFile section */
		7455CDFB24DBBA5600C19A4F /* AppDelegate.swift in Sources */ = {isa = PBXBuildFile; fileRef = 7455CDFA24DBBA5600C19A4F /* AppDelegate.swift */; };
		7455CDFD24DBBA5600C19A4F /* SceneDelegate.swift in Sources */ = {isa = PBXBuildFile; fileRef = 7455CDFC24DBBA5600C19A4F /* SceneDelegate.swift */; };
		7455CDFF24DBBA5600C19A4F /* TitleController.swift in Sources */ = {isa = PBXBuildFile; fileRef = 7455CDFE24DBBA5600C19A4F /* TitleController.swift */; };
		7455CE0224DBBA5600C19A4F /* Main.storyboard in Resources */ = {isa = PBXBuildFile; fileRef = 7455CE0024DBBA5600C19A4F /* Main.storyboard */; };
		7455CE0424DBBA5600C19A4F /* Assets.xcassets in Resources */ = {isa = PBXBuildFile; fileRef = 7455CE0324DBBA5600C19A4F /* Assets.xcassets */; };
		7455CE0724DBBA5600C19A4F /* LaunchScreen.storyboard in Resources */ = {isa = PBXBuildFile; fileRef = 7455CE0524DBBA5600C19A4F /* LaunchScreen.storyboard */; };
		7455CE1324DBBAB400C19A4F /* Story.swift in Sources */ = {isa = PBXBuildFile; fileRef = 7455CE1224DBBAB400C19A4F /* Story.swift */; };
		7455CE1524DBBAC000C19A4F /* StoryBrain.swift in Sources */ = {isa = PBXBuildFile; fileRef = 7455CE1424DBBAC000C19A4F /* StoryBrain.swift */; };
		74B9F18524E37ED700AFDA12 /* StoryBrain2.swift in Sources */ = {isa = PBXBuildFile; fileRef = 74B9F18424E37ED700AFDA12 /* StoryBrain2.swift */; };
		74B9F18724E37F0B00AFDA12 /* StoryBrain3.swift in Sources */ = {isa = PBXBuildFile; fileRef = 74B9F18624E37F0B00AFDA12 /* StoryBrain3.swift */; };
		74B9F18924E37F1700AFDA12 /* StoryBrain4.swift in Sources */ = {isa = PBXBuildFile; fileRef = 74B9F18824E37F1700AFDA12 /* StoryBrain4.swift */; };
		74B9F18B24E38A4F00AFDA12 /* TrolleyVsBridgeController.swift in Sources */ = {isa = PBXBuildFile; fileRef = 74B9F18A24E38A4F00AFDA12 /* TrolleyVsBridgeController.swift */; };
		74B9F18D24E38B4700AFDA12 /* ThomsonViolinController.swift in Sources */ = {isa = PBXBuildFile; fileRef = 74B9F18C24E38B4700AFDA12 /* ThomsonViolinController.swift */; };
		74B9F18F24E38B6100AFDA12 /* CharlotteFamilyController.swift in Sources */ = {isa = PBXBuildFile; fileRef = 74B9F18E24E38B6100AFDA12 /* CharlotteFamilyController.swift */; };
		74B9F19124E38B7800AFDA12 /* HeinzMedicineController.swift in Sources */ = {isa = PBXBuildFile; fileRef = 74B9F19024E38B7800AFDA12 /* HeinzMedicineController.swift */; };
		74B9F3B52500645B00AFDA12 /* aboutController.swift in Sources */ = {isa = PBXBuildFile; fileRef = 74B9F3B42500645B00AFDA12 /* aboutController.swift */; };
/* End PBXBuildFile section */

/* Begin PBXFileReference section */
		7455CDF724DBBA5600C19A4F /* InteractiveEthics.app */ = {isa = PBXFileReference; explicitFileType = wrapper.application; includeInIndex = 0; path = InteractiveEthics.app; sourceTree = BUILT_PRODUCTS_DIR; };
		7455CDFA24DBBA5600C19A4F /* AppDelegate.swift */ = {isa = PBXFileReference; lastKnownFileType = sourcecode.swift; path = AppDelegate.swift; sourceTree = "<group>"; };
		7455CDFC24DBBA5600C19A4F /* SceneDelegate.swift */ = {isa = PBXFileReference; lastKnownFileType = sourcecode.swift; path = SceneDelegate.swift; sourceTree = "<group>"; };
		7455CDFE24DBBA5600C19A4F /* TitleController.swift */ = {isa = PBXFileReference; lastKnownFileType = sourcecode.swift; path = TitleController.swift; sourceTree = "<group>"; };
		7455CE0124DBBA5600C19A4F /* Base */ = {isa = PBXFileReference; lastKnownFileType = file.storyboard; name = Base; path = Base.lproj/Main.storyboard; sourceTree = "<group>"; };
		7455CE0324DBBA5600C19A4F /* Assets.xcassets */ = {isa = PBXFileReference; lastKnownFileType = folder.assetcatalog; path = Assets.xcassets; sourceTree = "<group>"; };
		7455CE0624DBBA5600C19A4F /* Base */ = {isa = PBXFileReference; lastKnownFileType = file.storyboard; name = Base; path = Base.lproj/LaunchScreen.storyboard; sourceTree = "<group>"; };
		7455CE0824DBBA5600C19A4F /* Info.plist */ = {isa = PBXFileReference; lastKnownFileType = text.plist.xml; path = Info.plist; sourceTree = "<group>"; };
		7455CE1224DBBAB400C19A4F /* Story.swift */ = {isa = PBXFileReference; lastKnownFileType = sourcecode.swift; path = Story.swift; sourceTree = "<group>"; };
		7455CE1424DBBAC000C19A4F /* StoryBrain.swift */ = {isa = PBXFileReference; lastKnownFileType = sourcecode.swift; path = StoryBrain.swift; sourceTree = "<group>"; };
		74B9F18424E37ED700AFDA12 /* StoryBrain2.swift */ = {isa = PBXFileReference; lastKnownFileType = sourcecode.swift; path = StoryBrain2.swift; sourceTree = "<group>"; };
		74B9F18624E37F0B00AFDA12 /* StoryBrain3.swift */ = {isa = PBXFileReference; lastKnownFileType = sourcecode.swift; path = StoryBrain3.swift; sourceTree = "<group>"; };
		74B9F18824E37F1700AFDA12 /* StoryBrain4.swift */ = {isa = PBXFileReference; lastKnownFileType = sourcecode.swift; path = StoryBrain4.swift; sourceTree = "<group>"; };
		74B9F18A24E38A4F00AFDA12 /* TrolleyVsBridgeController.swift */ = {isa = PBXFileReference; lastKnownFileType = sourcecode.swift; path = TrolleyVsBridgeController.swift; sourceTree = "<group>"; };
		74B9F18C24E38B4700AFDA12 /* ThomsonViolinController.swift */ = {isa = PBXFileReference; lastKnownFileType = sourcecode.swift; path = ThomsonViolinController.swift; sourceTree = "<group>"; };
		74B9F18E24E38B6100AFDA12 /* CharlotteFamilyController.swift */ = {isa = PBXFileReference; lastKnownFileType = sourcecode.swift; path = CharlotteFamilyController.swift; sourceTree = "<group>"; };
		74B9F19024E38B7800AFDA12 /* HeinzMedicineController.swift */ = {isa = PBXFileReference; lastKnownFileType = sourcecode.swift; path = HeinzMedicineController.swift; sourceTree = "<group>"; };
		74B9F3B42500645B00AFDA12 /* aboutController.swift */ = {isa = PBXFileReference; lastKnownFileType = sourcecode.swift; path = aboutController.swift; sourceTree = "<group>"; };
/* End PBXFileReference section */

/* Begin PBXFrameworksBuildPhase section */
		7455CDF424DBBA5600C19A4F /* Frameworks */ = {
			isa = PBXFrameworksBuildPhase;
			buildActionMask = 2147483647;
			files = (
			);
			runOnlyForDeploymentPostprocessing = 0;
		};
/* End PBXFrameworksBuildPhase section */

/* Begin PBXGroup section */
		7455CDEE24DBBA5600C19A4F = {
			isa = PBXGroup;
			children = (
				7455CDF924DBBA5600C19A4F /* StoryApp */,
				7455CDF824DBBA5600C19A4F /* Products */,
			);
			sourceTree = "<group>";
		};
		7455CDF824DBBA5600C19A4F /* Products */ = {
			isa = PBXGroup;
			children = (
				7455CDF724DBBA5600C19A4F /* InteractiveEthics.app */,
			);
			name = Products;
			sourceTree = "<group>";
		};
		7455CDF924DBBA5600C19A4F /* StoryApp */ = {
			isa = PBXGroup;
			children = (
				7455CDFA24DBBA5600C19A4F /* AppDelegate.swift */,
				7455CDFC24DBBA5600C19A4F /* SceneDelegate.swift */,
				7455CE1024DBBA9800C19A4F /* Controller */,
				7455CE1124DBBAA300C19A4F /* View */,
				7455CE0F24DBBA7100C19A4F /* Model */,
				7455CE0324DBBA5600C19A4F /* Assets.xcassets */,
				7455CE0524DBBA5600C19A4F /* LaunchScreen.storyboard */,
				7455CE0824DBBA5600C19A4F /* Info.plist */,
			);
			path = StoryApp;
			sourceTree = "<group>";
		};
		7455CE0F24DBBA7100C19A4F /* Model */ = {
			isa = PBXGroup;
			children = (
				7455CE1224DBBAB400C19A4F /* Story.swift */,
				7455CE1424DBBAC000C19A4F /* StoryBrain.swift */,
				74B9F18424E37ED700AFDA12 /* StoryBrain2.swift */,
				74B9F18624E37F0B00AFDA12 /* StoryBrain3.swift */,
				74B9F18824E37F1700AFDA12 /* StoryBrain4.swift */,
			);
			path = Model;
			sourceTree = "<group>";
		};
		7455CE1024DBBA9800C19A4F /* Controller */ = {
			isa = PBXGroup;
			children = (
				7455CDFE24DBBA5600C19A4F /* TitleController.swift */,
				74B9F18A24E38A4F00AFDA12 /* TrolleyVsBridgeController.swift */,
				74B9F18C24E38B4700AFDA12 /* ThomsonViolinController.swift */,
				74B9F18E24E38B6100AFDA12 /* CharlotteFamilyController.swift */,
				74B9F19024E38B7800AFDA12 /* HeinzMedicineController.swift */,
				74B9F3B42500645B00AFDA12 /* aboutController.swift */,
			);
			path = Controller;
			sourceTree = "<group>";
		};
		7455CE1124DBBAA300C19A4F /* View */ = {
			isa = PBXGroup;
			children = (
				7455CE0024DBBA5600C19A4F /* Main.storyboard */,
			);
			path = View;
			sourceTree = "<group>";
		};
/* End PBXGroup section */

/* Begin PBXNativeTarget section */
		7455CDF624DBBA5600C19A4F /* StoryApp */ = {
			isa = PBXNativeTarget;
			buildConfigurationList = 7455CE0B24DBBA5600C19A4F /* Build configuration list for PBXNativeTarget "StoryApp" */;
			buildPhases = (
				7455CDF324DBBA5600C19A4F /* Sources */,
				7455CDF424DBBA5600C19A4F /* Frameworks */,
				7455CDF524DBBA5600C19A4F /* Resources */,
			);
			buildRules = (
			);
			dependencies = (
			);
			name = StoryApp;
			productName = StoryApp;
			productReference = 7455CDF724DBBA5600C19A4F /* InteractiveEthics.app */;
			productType = "com.apple.product-type.application";
		};
/* End PBXNativeTarget section */

/* Begin PBXProject section */
		7455CDEF24DBBA5600C19A4F /* Project object */ = {
			isa = PBXProject;
			attributes = {
				LastSwiftUpdateCheck = 1140;
				LastUpgradeCheck = 1140;
				ORGANIZATIONNAME = "Evan Chang";
				TargetAttributes = {
					7455CDF624DBBA5600C19A4F = {
						CreatedOnToolsVersion = 11.4.1;
					};
				};
			};
			buildConfigurationList = 7455CDF224DBBA5600C19A4F /* Build configuration list for PBXProject "StoryApp" */;
			compatibilityVersion = "Xcode 9.3";
			developmentRegion = en;
			hasScannedForEncodings = 0;
			knownRegions = (
				en,
				Base,
			);
			mainGroup = 7455CDEE24DBBA5600C19A4F;
			productRefGroup = 7455CDF824DBBA5600C19A4F /* Products */;
			projectDirPath = "";
			projectRoot = "";
			targets = (
				7455CDF624DBBA5600C19A4F /* StoryApp */,
			);
		};
/* End PBXProject section */

/* Begin PBXResourcesBuildPhase section */
		7455CDF524DBBA5600C19A4F /* Resources */ = {
			isa = PBXResourcesBuildPhase;
			buildActionMask = 2147483647;
			files = (
				7455CE0724DBBA5600C19A4F /* LaunchScreen.storyboard in Resources */,
				7455CE0424DBBA5600C19A4F /* Assets.xcassets in Resources */,
				7455CE0224DBBA5600C19A4F /* Main.storyboard in Resources */,
			);
			runOnlyForDeploymentPostprocessing = 0;
		};
/* End PBXResourcesBuildPhase section */

/* Begin PBXSourcesBuildPhase section */
		7455CDF324DBBA5600C19A4F /* Sources */ = {
			isa = PBXSourcesBuildPhase;
			buildActionMask = 2147483647;
			files = (
				7455CE1524DBBAC000C19A4F /* StoryBrain.swift in Sources */,
				74B9F18B24E38A4F00AFDA12 /* TrolleyVsBridgeController.swift in Sources */,
				7455CDFF24DBBA5600C19A4F /* TitleController.swift in Sources */,
				74B9F18D24E38B4700AFDA12 /* ThomsonViolinController.swift in Sources */,
				7455CDFB24DBBA5600C19A4F /* AppDelegate.swift in Sources */,
				74B9F3B52500645B00AFDA12 /* aboutController.swift in Sources */,
				74B9F18F24E38B6100AFDA12 /* CharlotteFamilyController.swift in Sources */,
				74B9F18724E37F0B00AFDA12 /* StoryBrain3.swift in Sources */,
				7455CDFD24DBBA5600C19A4F /* SceneDelegate.swift in Sources */,
				74B9F19124E38B7800AFDA12 /* HeinzMedicineController.swift in Sources */,
				74B9F18924E37F1700AFDA12 /* StoryBrain4.swift in Sources */,
				7455CE1324DBBAB400C19A4F /* Story.swift in Sources */,
				74B9F18524E37ED700AFDA12 /* StoryBrain2.swift in Sources */,
			);
			runOnlyForDeploymentPostprocessing = 0;
		};
/* End PBXSourcesBuildPhase section */

/* Begin PBXVariantGroup section */
		7455CE0024DBBA5600C19A4F /* Main.storyboard */ = {
			isa = PBXVariantGroup;
			children = (
				7455CE0124DBBA5600C19A4F /* Base */,
			);
			name = Main.storyboard;
			sourceTree = "<group>";
		};
		7455CE0524DBBA5600C19A4F /* LaunchScreen.storyboard */ = {
			isa = PBXVariantGroup;
			children = (
				7455CE0624DBBA5600C19A4F /* Base */,
			);
			name = LaunchScreen.storyboard;
			sourceTree = "<group>";
		};
/* End PBXVariantGroup section */

/* Begin XCBuildConfiguration section */
		7455CE0924DBBA5600C19A4F /* Debug */ = {
			isa = XCBuildConfiguration;
			buildSettings = {
				ALWAYS_SEARCH_USER_PATHS = NO;
				CLANG_ANALYZER_NONNULL = YES;
				CLANG_ANALYZER_NUMBER_OBJECT_CONVERSION = YES_AGGRESSIVE;
				CLANG_CXX_LANGUAGE_STANDARD = "gnu++14";
				CLANG_CXX_LIBRARY = "libc++";
				CLANG_ENABLE_MODULES = YES;
				CLANG_ENABLE_OBJC_ARC = YES;
				CLANG_ENABLE_OBJC_WEAK = YES;
				CLANG_WARN_BLOCK_CAPTURE_AUTORELEASING = YES;
				CLANG_WARN_BOOL_CONVERSION = YES;
				CLANG_WARN_COMMA = YES;
				CLANG_WARN_CONSTANT_CONVERSION = YES;
				CLANG_WARN_DEPRECATED_OBJC_IMPLEMENTATIONS = YES;
				CLANG_WARN_DIRECT_OBJC_ISA_USAGE = YES_ERROR;
				CLANG_WARN_DOCUMENTATION_COMMENTS = YES;
				CLANG_WARN_EMPTY_BODY = YES;
				CLANG_WARN_ENUM_CONVERSION = YES;
				CLANG_WARN_INFINITE_RECURSION = YES;
				CLANG_WARN_INT_CONVERSION = YES;
				CLANG_WARN_NON_LITERAL_NULL_CONVERSION = YES;
				CLANG_WARN_OBJC_IMPLICIT_RETAIN_SELF = YES;
				CLANG_WARN_OBJC_LITERAL_CONVERSION = YES;
				CLANG_WARN_OBJC_ROOT_CLASS = YES_ERROR;
				CLANG_WARN_RANGE_LOOP_ANALYSIS = YES;
				CLANG_WARN_STRICT_PROTOTYPES = YES;
				CLANG_WARN_SUSPICIOUS_MOVE = YES;
				CLANG_WARN_UNGUARDED_AVAILABILITY = YES_AGGRESSIVE;
				CLANG_WARN_UNREACHABLE_CODE = YES;
				CLANG_WARN__DUPLICATE_METHOD_MATCH = YES;
				COPY_PHASE_STRIP = NO;
				DEBUG_INFORMATION_FORMAT = dwarf;
				ENABLE_STRICT_OBJC_MSGSEND = YES;
				ENABLE_TESTABILITY = YES;
				GCC_C_LANGUAGE_STANDARD = gnu11;
				GCC_DYNAMIC_NO_PIC = NO;
				GCC_NO_COMMON_BLOCKS = YES;
				GCC_OPTIMIZATION_LEVEL = 0;
				GCC_PREPROCESSOR_DEFINITIONS = (
					"DEBUG=1",
					"$(inherited)",
				);
				GCC_WARN_64_TO_32_BIT_CONVERSION = YES;
				GCC_WARN_ABOUT_RETURN_TYPE = YES_ERROR;
				GCC_WARN_UNDECLARED_SELECTOR = YES;
				GCC_WARN_UNINITIALIZED_AUTOS = YES_AGGRESSIVE;
				GCC_WARN_UNUSED_FUNCTION = YES;
				GCC_WARN_UNUSED_VARIABLE = YES;
				IPHONEOS_DEPLOYMENT_TARGET = 13.4;
				MTL_ENABLE_DEBUG_INFO = INCLUDE_SOURCE;
				MTL_FAST_MATH = YES;
				ONLY_ACTIVE_ARCH = YES;
				SDKROOT = iphoneos;
				SWIFT_ACTIVE_COMPILATION_CONDITIONS = DEBUG;
				SWIFT_OPTIMIZATION_LEVEL = "-Onone";
			};
			name = Debug;
		};
		7455CE0A24DBBA5600C19A4F /* Release */ = {
			isa = XCBuildConfiguration;
			buildSettings = {
				ALWAYS_SEARCH_USER_PATHS = NO;
				CLANG_ANALYZER_NONNULL = YES;
				CLANG_ANALYZER_NUMBER_OBJECT_CONVERSION = YES_AGGRESSIVE;
				CLANG_CXX_LANGUAGE_STANDARD = "gnu++14";
				CLANG_CXX_LIBRARY = "libc++";
				CLANG_ENABLE_MODULES = YES;
				CLANG_ENABLE_OBJC_ARC = YES;
				CLANG_ENABLE_OBJC_WEAK = YES;
				CLANG_WARN_BLOCK_CAPTURE_AUTORELEASING = YES;
				CLANG_WARN_BOOL_CONVERSION = YES;
				CLANG_WARN_COMMA = YES;
				CLANG_WARN_CONSTANT_CONVERSION = YES;
				CLANG_WARN_DEPRECATED_OBJC_IMPLEMENTATIONS = YES;
				CLANG_WARN_DIRECT_OBJC_ISA_USAGE = YES_ERROR;
				CLANG_WARN_DOCUMENTATION_COMMENTS = YES;
				CLANG_WARN_EMPTY_BODY = YES;
				CLANG_WARN_ENUM_CONVERSION = YES;
				CLANG_WARN_INFINITE_RECURSION = YES;
				CLANG_WARN_INT_CONVERSION = YES;
				CLANG_WARN_NON_LITERAL_NULL_CONVERSION = YES;
				CLANG_WARN_OBJC_IMPLICIT_RETAIN_SELF = YES;
				CLANG_WARN_OBJC_LITERAL_CONVERSION = YES;
				CLANG_WARN_OBJC_ROOT_CLASS = YES_ERROR;
				CLANG_WARN_RANGE_LOOP_ANALYSIS = YES;
				CLANG_WARN_STRICT_PROTOTYPES = YES;
				CLANG_WARN_SUSPICIOUS_MOVE = YES;
				CLANG_WARN_UNGUARDED_AVAILABILITY = YES_AGGRESSIVE;
				CLANG_WARN_UNREACHABLE_CODE = YES;
				CLANG_WARN__DUPLICATE_METHOD_MATCH = YES;
				COPY_PHASE_STRIP = NO;
				DEBUG_INFORMATION_FORMAT = "dwarf-with-dsym";
				ENABLE_NS_ASSERTIONS = NO;
				ENABLE_STRICT_OBJC_MSGSEND = YES;
				GCC_C_LANGUAGE_STANDARD = gnu11;
				GCC_NO_COMMON_BLOCKS = YES;
				GCC_WARN_64_TO_32_BIT_CONVERSION = YES;
				GCC_WARN_ABOUT_RETURN_TYPE = YES_ERROR;
				GCC_WARN_UNDECLARED_SELECTOR = YES;
				GCC_WARN_UNINITIALIZED_AUTOS = YES_AGGRESSIVE;
				GCC_WARN_UNUSED_FUNCTION = YES;
				GCC_WARN_UNUSED_VARIABLE = YES;
				IPHONEOS_DEPLOYMENT_TARGET = 13.4;
				MTL_ENABLE_DEBUG_INFO = NO;
				MTL_FAST_MATH = YES;
				SDKROOT = iphoneos;
				SWIFT_COMPILATION_MODE = wholemodule;
				SWIFT_OPTIMIZATION_LEVEL = "-O";
				VALIDATE_PRODUCT = YES;
			};
			name = Release;
		};
		7455CE0C24DBBA5600C19A4F /* Debug */ = {
			isa = XCBuildConfiguration;
			buildSettings = {
				ASSETCATALOG_COMPILER_APPICON_NAME = AppIcon;
				CODE_SIGN_STYLE = Automatic;
				DEVELOPMENT_TEAM = 4Q7Y895RPW;
				INFOPLIST_FILE = StoryApp/Info.plist;
				LD_RUNPATH_SEARCH_PATHS = (
					"$(inherited)",
					"@executable_path/Frameworks",
				);
				PRODUCT_BUNDLE_IDENTIFIER = com.victoriatong.InteractiveEthics;
				PRODUCT_NAME = InteractiveEthics;
				SWIFT_VERSION = 5.0;
				TARGETED_DEVICE_FAMILY = "1,2";
			};
			name = Debug;
		};
		7455CE0D24DBBA5600C19A4F /* Release */ = {
			isa = XCBuildConfiguration;
			buildSettings = {
				ASSETCATALOG_COMPILER_APPICON_NAME = AppIcon;
				CODE_SIGN_STYLE = Automatic;
				DEVELOPMENT_TEAM = 4Q7Y895RPW;
				INFOPLIST_FILE = StoryApp/Info.plist;
				LD_RUNPATH_SEARCH_PATHS = (
					"$(inherited)",
					"@executable_path/Frameworks",
				);
				PRODUCT_BUNDLE_IDENTIFIER = com.victoriatong.InteractiveEthics;
				PRODUCT_NAME = InteractiveEthics;
				SWIFT_VERSION = 5.0;
				TARGETED_DEVICE_FAMILY = "1,2";
			};
			name = Release;
		};
/* End XCBuildConfiguration section */

/* Begin XCConfigurationList section */
		7455CDF224DBBA5600C19A4F /* Build configuration list for PBXProject "StoryApp" */ = {
			isa = XCConfigurationList;
			buildConfigurations = (
				7455CE0924DBBA5600C19A4F /* Debug */,
				7455CE0A24DBBA5600C19A4F /* Release */,
			);
			defaultConfigurationIsVisible = 0;
			defaultConfigurationName = Release;
		};
		7455CE0B24DBBA5600C19A4F /* Build configuration list for PBXNativeTarget "StoryApp" */ = {
			isa = XCConfigurationList;
			buildConfigurations = (
				7455CE0C24DBBA5600C19A4F /* Debug */,
				7455CE0D24DBBA5600C19A4F /* Release */,
			);
			defaultConfigurationIsVisible = 0;
			defaultConfigurationName = Release;
		};
/* End XCConfigurationList section */
	};
	rootObject = 7455CDEF24DBBA5600C19A4F /* Project object */;
}
